
Microsoft Visual Studio Solution File, Format Version 12.00
# Visual Studio Version 16
VisualStudioVersion = 16.0.32228.343
MinimumVisualStudioVersion = 10.0.40219.1
Project("{FAE04EC0-301F-11D3-BF4B-00C04F79EFBC}") = "SERVER_store", "SERVER_store\SERVER_store.csproj", "{398939E1-FBBD-4798-9AC9-7B590EF38655}"
EndProject
Global
	GlobalSection(SolutionConfigurationPlatforms) = preSolution
		Debug|Any CPU = Debug|Any CPU
		Release|Any CPU = Release|Any CPU
	EndGlobalSection
	GlobalSection(ProjectConfigurationPlatforms) = postSolution
		{398939E1-FBBD-4798-9AC9-7B590EF38655}.Debug|Any CPU.ActiveCfg = Debug|Any CPU
		{398939E1-FBBD-4798-9AC9-7B590EF38655}.Debug|Any CPU.Build.0 = Debug|Any CPU
		{398939E1-FBBD-4798-9AC9-7B590EF38655}.Release|Any CPU.ActiveCfg = Release|Any CPU
		{398939E1-FBBD-4798-9AC9-7B590EF38655}.Release|Any CPU.Build.0 = Release|Any CPU
	EndGlobalSection
	GlobalSection(SolutionProperties) = preSolution
		HideSolutionNode = FALSE
	EndGlobalSection
	GlobalSection(ExtensibilityGlobals) = postSolution
		SolutionGuid = {66E22877-D228-4FB3-9E58-176F2369297F}
	EndGlobalSection
EndGlobal
